// !$*UTF8*$!
{
	archiveVersion = 1;
	classes = {
	};
	objectVersion = 55;
	objects = {

/* Begin PBXBuildFile section */
		E5E0C4E2282F0A180057CF14 /* AppDelegate.swift in Sources */ = {isa = PBXBuildFile; fileRef = E5E0C4E1282F0A180057CF14 /* AppDelegate.swift */; };
		E5E0C4E4282F0A180057CF14 /* SceneDelegate.swift in Sources */ = {isa = PBXBuildFile; fileRef = E5E0C4E3282F0A180057CF14 /* SceneDelegate.swift */; };
		E5E0C4E6282F0A180057CF14 /* ViewController.swift in Sources */ = {isa = PBXBuildFile; fileRef = E5E0C4E5282F0A180057CF14 /* ViewController.swift */; };
		E5E0C4E9282F0A180057CF14 /* Main.storyboard in Resources */ = {isa = PBXBuildFile; fileRef = E5E0C4E7282F0A180057CF14 /* Main.storyboard */; };
		E5E0C4EB282F0A1D0057CF14 /* Assets.xcassets in Resources */ = {isa = PBXBuildFile; fileRef = E5E0C4EA282F0A1D0057CF14 /* Assets.xcassets */; };
		E5E0C4EE282F0A1D0057CF14 /* LaunchScreen.storyboard in Resources */ = {isa = PBXBuildFile; fileRef = E5E0C4EC282F0A1D0057CF14 /* LaunchScreen.storyboard */; };
		E5E0C4FC282F0A370057CF14 /* MemoryLeaksPreventionTests.swift in Sources */ = {isa = PBXBuildFile; fileRef = E5E0C4FB282F0A370057CF14 /* MemoryLeaksPreventionTests.swift */; };
		E5E0C503282F0C380057CF14 /* XCTestCase+Dealloc.swift in Sources */ = {isa = PBXBuildFile; fileRef = E5E0C502282F0C380057CF14 /* XCTestCase+Dealloc.swift */; };
		E5E0C505282F10B90057CF14 /* Objects.swift in Sources */ = {isa = PBXBuildFile; fileRef = E5E0C504282F10B90057CF14 /* Objects.swift */; };
/* End PBXBuildFile section */

/* Begin PBXContainerItemProxy section */
		E5E0C4FD282F0A370057CF14 /* PBXContainerItemProxy */ = {
			isa = PBXContainerItemProxy;
			containerPortal = E5E0C4D6282F0A180057CF14 /* Project object */;
			proxyType = 1;
			remoteGlobalIDString = E5E0C4DD282F0A180057CF14;
			remoteInfo = MemoryLeaksPrevention;
		};
/* End PBXContainerItemProxy section */

/* Begin PBXFileReference section */
		E5E0C4DE282F0A180057CF14 /* MemoryLeaksPrevention.app */ = {isa = PBXFileReference; explicitFileType = wrapper.application; includeInIndex = 0; path = MemoryLeaksPrevention.app; sourceTree = BUILT_PRODUCTS_DIR; };
		E5E0C4E1282F0A180057CF14 /* AppDelegate.swift */ = {isa = PBXFileReference; lastKnownFileType = sourcecode.swift; path = AppDelegate.swift; sourceTree = "<group>"; };
		E5E0C4E3282F0A180057CF14 /* SceneDelegate.swift */ = {isa = PBXFileReference; lastKnownFileType = sourcecode.swift; path = SceneDelegate.swift; sourceTree = "<group>"; };
		E5E0C4E5282F0A180057CF14 /* ViewController.swift */ = {isa = PBXFileReference; lastKnownFileType = sourcecode.swift; path = ViewController.swift; sourceTree = "<group>"; };
		E5E0C4E8282F0A180057CF14 /* Base */ = {isa = PBXFileReference; lastKnownFileType = file.storyboard; name = Base; path = Base.lproj/Main.storyboard; sourceTree = "<group>"; };
		E5E0C4EA282F0A1D0057CF14 /* Assets.xcassets */ = {isa = PBXFileReference; lastKnownFileType = folder.assetcatalog; path = Assets.xcassets; sourceTree = "<group>"; };
		E5E0C4ED282F0A1D0057CF14 /* Base */ = {isa = PBXFileReference; lastKnownFileType = file.storyboard; name = Base; path = Base.lproj/LaunchScreen.storyboard; sourceTree = "<group>"; };
		E5E0C4EF282F0A1D0057CF14 /* Info.plist */ = {isa = PBXFileReference; lastKnownFileType = text.plist.xml; path = Info.plist; sourceTree = "<group>"; };
		E5E0C4F9282F0A370057CF14 /* MemoryLeaksPreventionTests.xctest */ = {isa = PBXFileReference; explicitFileType = wrapper.cfbundle; includeInIndex = 0; path = MemoryLeaksPreventionTests.xctest; sourceTree = BUILT_PRODUCTS_DIR; };
		E5E0C4FB282F0A370057CF14 /* MemoryLeaksPreventionTests.swift */ = {isa = PBXFileReference; lastKnownFileType = sourcecode.swift; path = MemoryLeaksPreventionTests.swift; sourceTree = "<group>"; };
		E5E0C502282F0C380057CF14 /* XCTestCase+Dealloc.swift */ = {isa = PBXFileReference; lastKnownFileType = sourcecode.swift; path = "XCTestCase+Dealloc.swift"; sourceTree = "<group>"; };
		E5E0C504282F10B90057CF14 /* Objects.swift */ = {isa = PBXFileReference; lastKnownFileType = sourcecode.swift; path = Objects.swift; sourceTree = "<group>"; };
/* End PBXFileReference section */

/* Begin PBXFrameworksBuildPhase section */
		E5E0C4DB282F0A180057CF14 /* Frameworks */ = {
			isa = PBXFrameworksBuildPhase;
			buildActionMask = 2147483647;
			files = (
			);
			runOnlyForDeploymentPostprocessing = 0;
		};
		E5E0C4F6282F0A370057CF14 /* Frameworks */ = {
			isa = PBXFrameworksBuildPhase;
			buildActionMask = 2147483647;
			files = (
			);
			runOnlyForDeploymentPostprocessing = 0;
		};
/* End PBXFrameworksBuildPhase section */

/* Begin PBXGroup section */
		E5E0C4D5282F0A180057CF14 = {
			isa = PBXGroup;
			children = (
				E5E0C4E0282F0A180057CF14 /* MemoryLeaksPrevention */,
				E5E0C4FA282F0A370057CF14 /* MemoryLeaksPreventionTests */,
				E5E0C4DF282F0A180057CF14 /* Products */,
			);
			sourceTree = "<group>";
		};
		E5E0C4DF282F0A180057CF14 /* Products */ = {
			isa = PBXGroup;
			children = (
				E5E0C4DE282F0A180057CF14 /* MemoryLeaksPrevention.app */,
				E5E0C4F9282F0A370057CF14 /* MemoryLeaksPreventionTests.xctest */,
			);
			name = Products;
			sourceTree = "<group>";
		};
		E5E0C4E0282F0A180057CF14 /* MemoryLeaksPrevention */ = {
			isa = PBXGroup;
			children = (
				E5E0C4E1282F0A180057CF14 /* AppDelegate.swift */,
				E5E0C4E3282F0A180057CF14 /* SceneDelegate.swift */,
				E5E0C4E5282F0A180057CF14 /* ViewController.swift */,
				E5E0C4E7282F0A180057CF14 /* Main.storyboard */,
				E5E0C4EA282F0A1D0057CF14 /* Assets.xcassets */,
				E5E0C4EC282F0A1D0057CF14 /* LaunchScreen.storyboard */,
				E5E0C4EF282F0A1D0057CF14 /* Info.plist */,
				E5E0C504282F10B90057CF14 /* Objects.swift */,
			);
			path = MemoryLeaksPrevention;
			sourceTree = "<group>";
		};
		E5E0C4FA282F0A370057CF14 /* MemoryLeaksPreventionTests */ = {
			isa = PBXGroup;
			children = (
				E5E0C4FB282F0A370057CF14 /* MemoryLeaksPreventionTests.swift */,
				E5E0C502282F0C380057CF14 /* XCTestCase+Dealloc.swift */,
			);
			path = MemoryLeaksPreventionTests;
			sourceTree = "<group>";
		};
/* End PBXGroup section */

/* Begin PBXNativeTarget section */
		E5E0C4DD282F0A180057CF14 /* MemoryLeaksPrevention */ = {
			isa = PBXNativeTarget;
			buildConfigurationList = E5E0C4F2282F0A1D0057CF14 /* Build configuration list for PBXNativeTarget "MemoryLeaksPrevention" */;
			buildPhases = (
				E5E0C4DA282F0A180057CF14 /* Sources */,
				E5E0C4DB282F0A180057CF14 /* Frameworks */,
				E5E0C4DC282F0A180057CF14 /* Resources */,
			);
			buildRules = (
			);
			dependencies = (
			);
			name = MemoryLeaksPrevention;
			productName = MemoryLeaksPrevention;
			productReference = E5E0C4DE282F0A180057CF14 /* MemoryLeaksPrevention.app */;
			productType = "com.apple.product-type.application";
		};
		E5E0C4F8282F0A370057CF14 /* MemoryLeaksPreventionTests */ = {
			isa = PBXNativeTarget;
			buildConfigurationList = E5E0C4FF282F0A370057CF14 /* Build configuration list for PBXNativeTarget "MemoryLeaksPreventionTests" */;
			buildPhases = (
				E5E0C4F5282F0A370057CF14 /* Sources */,
				E5E0C4F6282F0A370057CF14 /* Frameworks */,
				E5E0C4F7282F0A370057CF14 /* Resources */,
			);
			buildRules = (
			);
			dependencies = (
				E5E0C4FE282F0A370057CF14 /* PBXTargetDependency */,
			);
			name = MemoryLeaksPreventionTests;
			productName = MemoryLeaksPreventionTests;
			productReference = E5E0C4F9282F0A370057CF14 /* MemoryLeaksPreventionTests.xctest */;
			productType = "com.apple.product-type.bundle.unit-test";
		};
/* End PBXNativeTarget section */

/* Begin PBXProject section */
		E5E0C4D6282F0A180057CF14 /* Project object */ = {
			isa = PBXProject;
			attributes = {
				BuildIndependentTargetsInParallel = 1;
				LastSwiftUpdateCheck = 1330;
				LastUpgradeCheck = 1330;
				TargetAttributes = {
					E5E0C4DD282F0A180057CF14 = {
						CreatedOnToolsVersion = 13.3.1;
					};
					E5E0C4F8282F0A370057CF14 = {
						CreatedOnToolsVersion = 13.3.1;
						TestTargetID = E5E0C4DD282F0A180057CF14;
					};
				};
			};
			buildConfigurationList = E5E0C4D9282F0A180057CF14 /* Build configuration list for PBXProject "MemoryLeaksPrevention" */;
			compatibilityVersion = "Xcode 13.0";
			developmentRegion = en;
			hasScannedForEncodings = 0;
			knownRegions = (
				en,
				Base,
			);
			mainGroup = E5E0C4D5282F0A180057CF14;
			productRefGroup = E5E0C4DF282F0A180057CF14 /* Products */;
			projectDirPath = "";
			projectRoot = "";
			targets = (
				E5E0C4DD282F0A180057CF14 /* MemoryLeaksPrevention */,
				E5E0C4F8282F0A370057CF14 /* MemoryLeaksPreventionTests */,
			);
		};
/* End PBXProject section */

/* Begin PBXResourcesBuildPhase section */
		E5E0C4DC282F0A180057CF14 /* Resources */ = {
			isa = PBXResourcesBuildPhase;
			buildActionMask = 2147483647;
			files = (
				E5E0C4EE282F0A1D0057CF14 /* LaunchScreen.storyboard in Resources */,
				E5E0C4EB282F0A1D0057CF14 /* Assets.xcassets in Resources */,
				E5E0C4E9282F0A180057CF14 /* Main.storyboard in Resources */,
			);
			runOnlyForDeploymentPostprocessing = 0;
		};
		E5E0C4F7282F0A370057CF14 /* Resources */ = {
			isa = PBXResourcesBuildPhase;
			buildActionMask = 2147483647;
			files = (
			);
			runOnlyForDeploymentPostprocessing = 0;
		};
/* End PBXResourcesBuildPhase section */

/* Begin PBXSourcesBuildPhase section */
		E5E0C4DA282F0A180057CF14 /* Sources */ = {
			isa = PBXSourcesBuildPhase;
			buildActionMask = 2147483647;
			files = (
				E5E0C4E6282F0A180057CF14 /* ViewController.swift in Sources */,
				E5E0C4E2282F0A180057CF14 /* AppDelegate.swift in Sources */,
				E5E0C505282F10B90057CF14 /* Objects.swift in Sources */,
				E5E0C4E4282F0A180057CF14 /* SceneDelegate.swift in Sources */,
			);
			runOnlyForDeploymentPostprocessing = 0;
		};
		E5E0C4F5282F0A370057CF14 /* Sources */ = {
			isa = PBXSourcesBuildPhase;
			buildActionMask = 2147483647;
			files = (
				E5E0C4FC282F0A370057CF14 /* MemoryLeaksPreventionTests.swift in Sources */,
				E5E0C503282F0C380057CF14 /* XCTestCase+Dealloc.swift in Sources */,
			);
			runOnlyForDeploymentPostprocessing = 0;
		};
/* End PBXSourcesBuildPhase section */

/* Begin PBXTargetDependency section */
		E5E0C4FE282F0A370057CF14 /* PBXTargetDependency */ = {
			isa = PBXTargetDependency;
			target = E5E0C4DD282F0A180057CF14 /* MemoryLeaksPrevention */;
			targetProxy = E5E0C4FD282F0A370057CF14 /* PBXContainerItemProxy */;
		};
/* End PBXTargetDependency section */

/* Begin PBXVariantGroup section */
		E5E0C4E7282F0A180057CF14 /* Main.storyboard */ = {
			isa = PBXVariantGroup;
			children = (
				E5E0C4E8282F0A180057CF14 /* Base */,
			);
			name = Main.storyboard;
			sourceTree = "<group>";
		};
		E5E0C4EC282F0A1D0057CF14 /* LaunchScreen.storyboard */ = {
			isa = PBXVariantGroup;
			children = (
				E5E0C4ED282F0A1D0057CF14 /* Base */,
			);
			name = LaunchScreen.storyboard;
			sourceTree = "<group>";
		};
/* End PBXVariantGroup section */

/* Begin XCBuildConfiguration section */
		E5E0C4F0282F0A1D0057CF14 /* Debug */ = {
			isa = XCBuildConfiguration;
			buildSettings = {
				ALWAYS_SEARCH_USER_PATHS = NO;
				CLANG_ANALYZER_NONNULL = YES;
				CLANG_ANALYZER_NUMBER_OBJECT_CONVERSION = YES_AGGRESSIVE;
				CLANG_CXX_LANGUAGE_STANDARD = "gnu++17";
				CLANG_ENABLE_MODULES = YES;
				CLANG_ENABLE_OBJC_ARC = YES;
				CLANG_ENABLE_OBJC_WEAK = YES;
				CLANG_WARN_BLOCK_CAPTURE_AUTORELEASING = YES;
				CLANG_WARN_BOOL_CONVERSION = YES;
				CLANG_WARN_COMMA = YES;
				CLANG_WARN_CONSTANT_CONVERSION = YES;
				CLANG_WARN_DEPRECATED_OBJC_IMPLEMENTATIONS = YES;
				CLANG_WARN_DIRECT_OBJC_ISA_USAGE = YES_ERROR;
				CLANG_WARN_DOCUMENTATION_COMMENTS = YES;
				CLANG_WARN_EMPTY_BODY = YES;
				CLANG_WARN_ENUM_CONVERSION = YES;
				CLANG_WARN_INFINITE_RECURSION = YES;
				CLANG_WARN_INT_CONVERSION = YES;
				CLANG_WARN_NON_LITERAL_NULL_CONVERSION = YES;
				CLANG_WARN_OBJC_IMPLICIT_RETAIN_SELF = YES;
				CLANG_WARN_OBJC_LITERAL_CONVERSION = YES;
				CLANG_WARN_OBJC_ROOT_CLASS = YES_ERROR;
				CLANG_WARN_QUOTED_INCLUDE_IN_FRAMEWORK_HEADER = YES;
				CLANG_WARN_RANGE_LOOP_ANALYSIS = YES;
				CLANG_WARN_STRICT_PROTOTYPES = YES;
				CLANG_WARN_SUSPICIOUS_MOVE = YES;
				CLANG_WARN_UNGUARDED_AVAILABILITY = YES_AGGRESSIVE;
				CLANG_WARN_UNREACHABLE_CODE = YES;
				CLANG_WARN__DUPLICATE_METHOD_MATCH = YES;
				COPY_PHASE_STRIP = NO;
				DEBUG_INFORMATION_FORMAT = dwarf;
				ENABLE_STRICT_OBJC_MSGSEND = YES;
				ENABLE_TESTABILITY = YES;
				GCC_C_LANGUAGE_STANDARD = gnu11;
				GCC_DYNAMIC_NO_PIC = NO;
				GCC_NO_COMMON_BLOCKS = YES;
				GCC_OPTIMIZATION_LEVEL = 0;
				GCC_PREPROCESSOR_DEFINITIONS = (
					"DEBUG=1",
					"$(inherited)",
				);
				GCC_WARN_64_TO_32_BIT_CONVERSION = YES;
				GCC_WARN_ABOUT_RETURN_TYPE = YES_ERROR;
				GCC_WARN_UNDECLARED_SELECTOR = YES;
				GCC_WARN_UNINITIALIZED_AUTOS = YES_AGGRESSIVE;
				GCC_WARN_UNUSED_FUNCTION = YES;
				GCC_WARN_UNUSED_VARIABLE = YES;
				IPHONEOS_DEPLOYMENT_TARGET = 15.4;
				MTL_ENABLE_DEBUG_INFO = INCLUDE_SOURCE;
				MTL_FAST_MATH = YES;
				ONLY_ACTIVE_ARCH = YES;
				SDKROOT = iphoneos;
				SWIFT_ACTIVE_COMPILATION_CONDITIONS = DEBUG;
				SWIFT_OPTIMIZATION_LEVEL = "-Onone";
			};
			name = Debug;
		};
		E5E0C4F1282F0A1D0057CF14 /* Release */ = {
			isa = XCBuildConfiguration;
			buildSettings = {
				ALWAYS_SEARCH_USER_PATHS = NO;
				CLANG_ANALYZER_NONNULL = YES;
				CLANG_ANALYZER_NUMBER_OBJECT_CONVERSION = YES_AGGRESSIVE;
				CLANG_CXX_LANGUAGE_STANDARD = "gnu++17";
				CLANG_ENABLE_MODULES = YES;
				CLANG_ENABLE_OBJC_ARC = YES;
				CLANG_ENABLE_OBJC_WEAK = YES;
				CLANG_WARN_BLOCK_CAPTURE_AUTORELEASING = YES;
				CLANG_WARN_BOOL_CONVERSION = YES;
				CLANG_WARN_COMMA = YES;
				CLANG_WARN_CONSTANT_CONVERSION = YES;
				CLANG_WARN_DEPRECATED_OBJC_IMPLEMENTATIONS = YES;
				CLANG_WARN_DIRECT_OBJC_ISA_USAGE = YES_ERROR;
				CLANG_WARN_DOCUMENTATION_COMMENTS = YES;
				CLANG_WARN_EMPTY_BODY = YES;
				CLANG_WARN_ENUM_CONVERSION = YES;
				CLANG_WARN_INFINITE_RECURSION = YES;
				CLANG_WARN_INT_CONVERSION = YES;
				CLANG_WARN_NON_LITERAL_NULL_CONVERSION = YES;
				CLANG_WARN_OBJC_IMPLICIT_RETAIN_SELF = YES;
				CLANG_WARN_OBJC_LITERAL_CONVERSION = YES;
				CLANG_WARN_OBJC_ROOT_CLASS = YES_ERROR;
				CLANG_WARN_QUOTED_INCLUDE_IN_FRAMEWORK_HEADER = YES;
				CLANG_WARN_RANGE_LOOP_ANALYSIS = YES;
				CLANG_WARN_STRICT_PROTOTYPES = YES;
				CLANG_WARN_SUSPICIOUS_MOVE = YES;
				CLANG_WARN_UNGUARDED_AVAILABILITY = YES_AGGRESSIVE;
				CLANG_WARN_UNREACHABLE_CODE = YES;
				CLANG_WARN__DUPLICATE_METHOD_MATCH = YES;
				COPY_PHASE_STRIP = NO;
				DEBUG_INFORMATION_FORMAT = "dwarf-with-dsym";
				ENABLE_NS_ASSERTIONS = NO;
				ENABLE_STRICT_OBJC_MSGSEND = YES;
				GCC_C_LANGUAGE_STANDARD = gnu11;
				GCC_NO_COMMON_BLOCKS = YES;
				GCC_WARN_64_TO_32_BIT_CONVERSION = YES;
				GCC_WARN_ABOUT_RETURN_TYPE = YES_ERROR;
				GCC_WARN_UNDECLARED_SELECTOR = YES;
				GCC_WARN_UNINITIALIZED_AUTOS = YES_AGGRESSIVE;
				GCC_WARN_UNUSED_FUNCTION = YES;
				GCC_WARN_UNUSED_VARIABLE = YES;
				IPHONEOS_DEPLOYMENT_TARGET = 15.4;
				MTL_ENABLE_DEBUG_INFO = NO;
				MTL_FAST_MATH = YES;
				SDKROOT = iphoneos;
				SWIFT_COMPILATION_MODE = wholemodule;
				SWIFT_OPTIMIZATION_LEVEL = "-O";
				VALIDATE_PRODUCT = YES;
			};
			name = Release;
		};
		E5E0C4F3282F0A1D0057CF14 /* Debug */ = {
			isa = XCBuildConfiguration;
			buildSettings = {
				ASSETCATALOG_COMPILER_APPICON_NAME = AppIcon;
				ASSETCATALOG_COMPILER_GLOBAL_ACCENT_COLOR_NAME = AccentColor;
				CODE_SIGN_STYLE = Automatic;
				CURRENT_PROJECT_VERSION = 1;
				DEVELOPMENT_TEAM = Q78LKWJ5MC;
				GENERATE_INFOPLIST_FILE = YES;
				INFOPLIST_FILE = MemoryLeaksPrevention/Info.plist;
				INFOPLIST_KEY_UIApplicationSupportsIndirectInputEvents = YES;
				INFOPLIST_KEY_UILaunchStoryboardName = LaunchScreen;
				INFOPLIST_KEY_UIMainStoryboardFile = Main;
				INFOPLIST_KEY_UISupportedInterfaceOrientations_iPad = "UIInterfaceOrientationPortrait UIInterfaceOrientationPortraitUpsideDown UIInterfaceOrientationLandscapeLeft UIInterfaceOrientationLandscapeRight";
				INFOPLIST_KEY_UISupportedInterfaceOrientations_iPhone = "UIInterfaceOrientationPortrait UIInterfaceOrientationLandscapeLeft UIInterfaceOrientationLandscapeRight";
				LD_RUNPATH_SEARCH_PATHS = (
					"$(inherited)",
					"@executable_path/Frameworks",
				);
				MARKETING_VERSION = 1.0;
				PRODUCT_BUNDLE_IDENTIFIER = com.fabiosoft.MemoryLeaksPrevention;
				PRODUCT_NAME = "$(TARGET_NAME)";
				SWIFT_EMIT_LOC_STRINGS = YES;
				SWIFT_VERSION = 5.0;
				TARGETED_DEVICE_FAMILY = "1,2";
			};
			name = Debug;
		};
		E5E0C4F4282F0A1D0057CF14 /* Release */ = {
			isa = XCBuildConfiguration;
			buildSettings = {
				ASSETCATALOG_COMPILER_APPICON_NAME = AppIcon;
				ASSETCATALOG_COMPILER_GLOBAL_ACCENT_COLOR_NAME = AccentColor;
				CODE_SIGN_STYLE = Automatic;
				CURRENT_PROJECT_VERSION = 1;
				DEVELOPMENT_TEAM = Q78LKWJ5MC;
				GENERATE_INFOPLIST_FILE = YES;
				INFOPLIST_FILE = MemoryLeaksPrevention/Info.plist;
				INFOPLIST_KEY_UIApplicationSupportsIndirectInputEvents = YES;
				INFOPLIST_KEY_UILaunchStoryboardName = LaunchScreen;
				INFOPLIST_KEY_UIMainStoryboardFile = Main;
				INFOPLIST_KEY_UISupportedInterfaceOrientations_iPad = "UIInterfaceOrientationPortrait UIInterfaceOrientationPortraitUpsideDown UIInterfaceOrientationLandscapeLeft UIInterfaceOrientationLandscapeRight";
				INFOPLIST_KEY_UISupportedInterfaceOrientations_iPhone = "UIInterfaceOrientationPortrait UIInterfaceOrientationLandscapeLeft UIInterfaceOrientationLandscapeRight";
				LD_RUNPATH_SEARCH_PATHS = (
					"$(inherited)",
					"@executable_path/Frameworks",
				);
				MARKETING_VERSION = 1.0;
				PRODUCT_BUNDLE_IDENTIFIER = com.fabiosoft.MemoryLeaksPrevention;
				PRODUCT_NAME = "$(TARGET_NAME)";
				SWIFT_EMIT_LOC_STRINGS = YES;
				SWIFT_VERSION = 5.0;
				TARGETED_DEVICE_FAMILY = "1,2";
			};
			name = Release;
		};
		E5E0C500282F0A370057CF14 /* Debug */ = {
			isa = XCBuildConfiguration;
			buildSettings = {
				BUNDLE_LOADER = "$(TEST_HOST)";
				CODE_SIGN_STYLE = Automatic;
				CURRENT_PROJECT_VERSION = 1;
				DEVELOPMENT_TEAM = Q78LKWJ5MC;
				GENERATE_INFOPLIST_FILE = YES;
				MARKETING_VERSION = 1.0;
				PRODUCT_BUNDLE_IDENTIFIER = com.fabiosoft.MemoryLeaksPreventionTests;
				PRODUCT_NAME = "$(TARGET_NAME)";
				SWIFT_EMIT_LOC_STRINGS = NO;
				SWIFT_VERSION = 5.0;
				TARGETED_DEVICE_FAMILY = "1,2";
				TEST_HOST = "$(BUILT_PRODUCTS_DIR)/MemoryLeaksPrevention.app/MemoryLeaksPrevention";
			};
			name = Debug;
		};
		E5E0C501282F0A370057CF14 /* Release */ = {
			isa = XCBuildConfiguration;
			buildSettings = {
				BUNDLE_LOADER = "$(TEST_HOST)";
				CODE_SIGN_STYLE = Automatic;
				CURRENT_PROJECT_VERSION = 1;
				DEVELOPMENT_TEAM = Q78LKWJ5MC;
				GENERATE_INFOPLIST_FILE = YES;
				MARKETING_VERSION = 1.0;
				PRODUCT_BUNDLE_IDENTIFIER = com.fabiosoft.MemoryLeaksPreventionTests;
				PRODUCT_NAME = "$(TARGET_NAME)";
				SWIFT_EMIT_LOC_STRINGS = NO;
				SWIFT_VERSION = 5.0;
				TARGETED_DEVICE_FAMILY = "1,2";
				TEST_HOST = "$(BUILT_PRODUCTS_DIR)/MemoryLeaksPrevention.app/MemoryLeaksPrevention";
			};
			name = Release;
		};
/* End XCBuildConfiguration section */

/* Begin XCConfigurationList section */
		E5E0C4D9282F0A180057CF14 /* Build configuration list for PBXProject "MemoryLeaksPrevention" */ = {
			isa = XCConfigurationList;
			buildConfigurations = (
				E5E0C4F0282F0A1D0057CF14 /* Debug */,
				E5E0C4F1282F0A1D0057CF14 /* Release */,
			);
			defaultConfigurationIsVisible = 0;
			defaultConfigurationName = Release;
		};
		E5E0C4F2282F0A1D0057CF14 /* Build configuration list for PBXNativeTarget "MemoryLeaksPrevention" */ = {
			isa = XCConfigurationList;
			buildConfigurations = (
				E5E0C4F3282F0A1D0057CF14 /* Debug */,
				E5E0C4F4282F0A1D0057CF14 /* Release */,
			);
			defaultConfigurationIsVisible = 0;
			defaultConfigurationName = Release;
		};
		E5E0C4FF282F0A370057CF14 /* Build configuration list for PBXNativeTarget "MemoryLeaksPreventionTests" */ = {
			isa = XCConfigurationList;
			buildConfigurations = (
				E5E0C500282F0A370057CF14 /* Debug */,
				E5E0C501282F0A370057CF14 /* Release */,
			);
			defaultConfigurationIsVisible = 0;
			defaultConfigurationName = Release;
		};
/* End XCConfigurationList section */
	};
	rootObject = E5E0C4D6282F0A180057CF14 /* Project object */;
}
